
Microsoft Visual Studio Solution File, Format Version 12.00
# Visual Studio 2012
Project("{FAE04EC0-301F-11D3-BF4B-00C04F79EFBC}") = "ManagedGL", "ManagedGL\ManagedGL.csproj", "{53EE0E26-177E-496A-AD56-7CAFD10A52E0}"
EndProject
Project("{FAE04EC0-301F-11D3-BF4B-00C04F79EFBC}") = "Example1", "Example1\Example1.csproj", "{8A820919-053B-49B7-8FE4-CADE6AD5063B}"
EndProject
Project("{FAE04EC0-301F-11D3-BF4B-00C04F79EFBC}") = "Example2", "Example2\Example2.csproj", "{A8165FD3-F3B1-45F3-9922-609A7A04B3D5}"
EndProject
Global
	GlobalSection(SolutionConfigurationPlatforms) = preSolution
		Debug|Any CPU = Debug|Any CPU
		Release|Any CPU = Release|Any CPU
	EndGlobalSection
	GlobalSection(ProjectConfigurationPlatforms) = postSolution
		{53EE0E26-177E-496A-AD56-7CAFD10A52E0}.Debug|Any CPU.ActiveCfg = Debug|Any CPU
		{53EE0E26-177E-496A-AD56-7CAFD10A52E0}.Debug|Any CPU.Build.0 = Debug|Any CPU
		{53EE0E26-177E-496A-AD56-7CAFD10A52E0}.Release|Any CPU.ActiveCfg = Release|Any CPU
		{53EE0E26-177E-496A-AD56-7CAFD10A52E0}.Release|Any CPU.Build.0 = Release|Any CPU
		{8A820919-053B-49B7-8FE4-CADE6AD5063B}.Debug|Any CPU.ActiveCfg = Debug|Any CPU
		{8A820919-053B-49B7-8FE4-CADE6AD5063B}.Debug|Any CPU.Build.0 = Debug|Any CPU
		{8A820919-053B-49B7-8FE4-CADE6AD5063B}.Release|Any CPU.ActiveCfg = Release|Any CPU
		{8A820919-053B-49B7-8FE4-CADE6AD5063B}.Release|Any CPU.Build.0 = Release|Any CPU
		{A8165FD3-F3B1-45F3-9922-609A7A04B3D5}.Debug|Any CPU.ActiveCfg = Debug|Any CPU
		{A8165FD3-F3B1-45F3-9922-609A7A04B3D5}.Debug|Any CPU.Build.0 = Debug|Any CPU
		{A8165FD3-F3B1-45F3-9922-609A7A04B3D5}.Release|Any CPU.ActiveCfg = Release|Any CPU
		{A8165FD3-F3B1-45F3-9922-609A7A04B3D5}.Release|Any CPU.Build.0 = Release|Any CPU
	EndGlobalSection
	GlobalSection(SolutionProperties) = preSolution
		HideSolutionNode = FALSE
	EndGlobalSection
EndGlobal
